
Microsoft Visual Studio Solution File, Format Version 12.00
# Visual Studio Version 17
VisualStudioVersion = 17.9.34728.123
MinimumVisualStudioVersion = 10.0.40219.1
Project("{9A19103F-16F7-4668-BE54-9A1E7A4F7556}") = "WebApp-UnderTheHood", "WebApp-UnderTheHood\WebApp-UnderTheHood.csproj", "{3F3698B4-A25B-43A4-A84A-8EFCCBC46476}"
EndProject
Project("{FAE04EC0-301F-11D3-BF4B-00C04F79EFBC}") = "WebApi", "WebApi\WebApi.csproj", "{000915E0-9B3D-4053-A655-25FFF5B4D7AB}"
EndProject
Global
	GlobalSection(SolutionConfigurationPlatforms) = preSolution
		Debug|Any CPU = Debug|Any CPU
		Release|Any CPU = Release|Any CPU
	EndGlobalSection
	GlobalSection(ProjectConfigurationPlatforms) = postSolution
		{3F3698B4-A25B-43A4-A84A-8EFCCBC46476}.Debug|Any CPU.ActiveCfg = Debug|Any CPU
		{3F3698B4-A25B-43A4-A84A-8EFCCBC46476}.Debug|Any CPU.Build.0 = Debug|Any CPU
		{3F3698B4-A25B-43A4-A84A-8EFCCBC46476}.Release|Any CPU.ActiveCfg = Release|Any CPU
		{3F3698B4-A25B-43A4-A84A-8EFCCBC46476}.Release|Any CPU.Build.0 = Release|Any CPU
		{000915E0-9B3D-4053-A655-25FFF5B4D7AB}.Debug|Any CPU.ActiveCfg = Debug|Any CPU
		{000915E0-9B3D-4053-A655-25FFF5B4D7AB}.Debug|Any CPU.Build.0 = Debug|Any CPU
		{000915E0-9B3D-4053-A655-25FFF5B4D7AB}.Release|Any CPU.ActiveCfg = Release|Any CPU
		{000915E0-9B3D-4053-A655-25FFF5B4D7AB}.Release|Any CPU.Build.0 = Release|Any CPU
	EndGlobalSection
	GlobalSection(SolutionProperties) = preSolution
		HideSolutionNode = FALSE
	EndGlobalSection
	GlobalSection(ExtensibilityGlobals) = postSolution
		SolutionGuid = {880DF4CC-B24D-4244-8AA1-1001DAD8868B}
	EndGlobalSection
EndGlobal
